{
    "version": 3,
    "terraform_version": "0.11.7",
    "serial": 2,
    "lineage": "b6e3ab75-3cbf-b1cd-a6a1-8f49c3a4474e",
    "modules": [
        {
            "path": [
                "root"
            ],
            "outputs": {},
            "resources": {
                "aws_instance.app_instance": {
                    "type": "aws_instance",
                    "depends_on": [],
                    "primary": {
                        "id": "i-082269dd5234b6785",
                        "attributes": {
                            "ami": "ami-0ceeb16a48501187d",
                            "associate_public_ip_address": "true",
                            "availability_zone": "eu-west-1c",
                            "cpu_core_count": "1",
                            "cpu_threads_per_core": "1",
                            "credit_specification.#": "1",
                            "credit_specification.0.cpu_credits": "standard",
                            "disable_api_termination": "false",
                            "ebs_block_device.#": "0",
                            "ebs_optimized": "false",
                            "ephemeral_block_device.#": "0",
                            "get_password_data": "false",
                            "iam_instance_profile": "",
                            "id": "i-082269dd5234b6785",
                            "instance_state": "running",
                            "instance_type": "t2.micro",
                            "ipv6_addresses.#": "0",
                            "key_name": "",
                            "monitoring": "false",
                            "network_interface.#": "0",
                            "network_interface_id": "eni-0f976b57765d631a4",
                            "password_data": "",
                            "placement_group": "",
                            "primary_network_interface_id": "eni-0f976b57765d631a4",
                            "private_dns": "ip-172-31-22-3.eu-west-1.compute.internal",
                            "private_ip": "172.31.22.3",
                            "public_dns": "ec2-34-251-242-31.eu-west-1.compute.amazonaws.com",
                            "public_ip": "34.251.242.31",
                            "root_block_device.#": "1",
                            "root_block_device.0.delete_on_termination": "true",
                            "root_block_device.0.iops": "100",
                            "root_block_device.0.volume_id": "vol-0026751b60ae5e9d2",
                            "root_block_device.0.volume_size": "8",
                            "root_block_device.0.volume_type": "gp2",
                            "security_groups.#": "1",
                            "security_groups.3814588639": "default",
                            "source_dest_check": "true",
                            "subnet_id": "subnet-06e57e70",
                            "tags.%": "1",
                            "tags.Name": "app-neveen",
                            "tenancy": "default",
                            "volume_tags.%": "0",
                            "vpc_security_group_ids.#": "1",
                            "vpc_security_group_ids.1786576347": "sg-ff8d8d98"
                        },
                        "meta": {
                            "e2bfb730-ecaa-11e6-8f88-34363bc7c4c0": {
                                "create": 600000000000,
                                "delete": 1200000000000,
                                "update": 600000000000
                            },
                            "schema_version": "1"
                        },
                        "tainted": false
                    },
                    "deposed": [],
                    "provider": "provider.aws"
                },
                "aws_vpc.main": {
                    "type": "aws_vpc",
                    "depends_on": [],
                    "primary": {
                        "id": "vpc-0407db6defc548ded",
                        "attributes": {
                            "arn": "arn:aws:ec2:eu-west-1:135928476890:vpc/vpc-0407db6defc548ded",
                            "assign_generated_ipv6_cidr_block": "false",
                            "cidr_block": "10.0.0.0/16",
                            "default_network_acl_id": "acl-00bc5ea9aa0c6ddec",
                            "default_route_table_id": "rtb-0b12cf8a938f5a018",
                            "default_security_group_id": "sg-073f1df8096a3a530",
                            "dhcp_options_id": "dopt-18d5d77d",
                            "enable_classiclink": "false",
                            "enable_classiclink_dns_support": "false",
                            "enable_dns_hostnames": "false",
                            "enable_dns_support": "true",
                            "id": "vpc-0407db6defc548ded",
                            "instance_tenancy": "default",
                            "main_route_table_id": "rtb-0b12cf8a938f5a018",
                            "tags.%": "0"
                        },
                        "meta": {
                            "schema_version": "1"
                        },
                        "tainted": false
                    },
                    "deposed": [],
                    "provider": "provider.aws"
                }
            },
            "depends_on": []
        }
    ]
}
